
Microsoft Visual Studio Solution File, Format Version 12.00
# Visual Studio Version 16
VisualStudioVersion = 16.0.28803.156
MinimumVisualStudioVersion = 10.0.40219.1
Project("{888888A0-9F3D-457C-B088-3A5042F75D52}") = "PyCulator", "PyCulator\PyCulator.pyproj", "{8D30F693-7A55-4FD2-B7BF-8A9BBE764781}"
EndProject
Global
	GlobalSection(SolutionConfigurationPlatforms) = preSolution
		Debug|Any CPU = Debug|Any CPU
		Release|Any CPU = Release|Any CPU
	EndGlobalSection
	GlobalSection(ProjectConfigurationPlatforms) = postSolution
		{8D30F693-7A55-4FD2-B7BF-8A9BBE764781}.Debug|Any CPU.ActiveCfg = Debug|Any CPU
		{8D30F693-7A55-4FD2-B7BF-8A9BBE764781}.Release|Any CPU.ActiveCfg = Release|Any CPU
	EndGlobalSection
	GlobalSection(SolutionProperties) = preSolution
		HideSolutionNode = FALSE
	EndGlobalSection
	GlobalSection(ExtensibilityGlobals) = postSolution
		SolutionGuid = {5252D707-00AF-4DA0-A63B-A6DF6D173938}
	EndGlobalSection
EndGlobal
